
Microsoft Visual Studio Solution File, Format Version 12.00
# Visual Studio Version 16
VisualStudioVersion = 16.0.29409.12
MinimumVisualStudioVersion = 10.0.40219.1
Project("{FAE04EC0-301F-11D3-BF4B-00C04F79EFBC}") = "alerd muhasebe takip projesi", "alerd muhasebe takip projesi\alerd muhasebe takip projesi.csproj", "{5E02E351-C19F-4985-9B3B-38E450753972}"
EndProject
Global
	GlobalSection(SolutionConfigurationPlatforms) = preSolution
		Debug|Any CPU = Debug|Any CPU
		Release|Any CPU = Release|Any CPU
	EndGlobalSection
	GlobalSection(ProjectConfigurationPlatforms) = postSolution
		{5E02E351-C19F-4985-9B3B-38E450753972}.Debug|Any CPU.ActiveCfg = Debug|Any CPU
		{5E02E351-C19F-4985-9B3B-38E450753972}.Debug|Any CPU.Build.0 = Debug|Any CPU
		{5E02E351-C19F-4985-9B3B-38E450753972}.Release|Any CPU.ActiveCfg = Release|Any CPU
		{5E02E351-C19F-4985-9B3B-38E450753972}.Release|Any CPU.Build.0 = Release|Any CPU
	EndGlobalSection
	GlobalSection(SolutionProperties) = preSolution
		HideSolutionNode = FALSE
	EndGlobalSection
	GlobalSection(ExtensibilityGlobals) = postSolution
		SolutionGuid = {35C4925D-B765-4670-88DF-D087FA70012A}
	EndGlobalSection
EndGlobal
